// !$*UTF8*$!
{
	archiveVersion = 1;
	classes = {
	};
	objectVersion = 50;
	objects = {

/* Begin PBXBuildFile section */
		8B37B8AC24FCF4D9002D1C66 /* FIBAppConfiguration.swift in Sources */ = {isa = PBXBuildFile; fileRef = 8B37B8AB24FCF4D9002D1C66 /* FIBAppConfiguration.swift */; };
		8B37B8AE24FCF8FD002D1C66 /* FIBConfiguration.plist in Resources */ = {isa = PBXBuildFile; fileRef = 8B37B8AD24FCF8FD002D1C66 /* FIBConfiguration.plist */; };
		8BAE8DA624FC44D900F68592 /* FIB_Payment_SDK.h in Headers */ = {isa = PBXBuildFile; fileRef = 8BAE8DA424FC44D900F68592 /* FIB_Payment_SDK.h */; settings = {ATTRIBUTES = (Public, ); }; };
		8BAE8DAD24FC459000F68592 /* PayWithFIBView.swift in Sources */ = {isa = PBXBuildFile; fileRef = 8BAE8DAC24FC459000F68592 /* PayWithFIBView.swift */; };
		8BAE8DAF24FC45D200F68592 /* FIBGradientView.swift in Sources */ = {isa = PBXBuildFile; fileRef = 8BAE8DAE24FC45D200F68592 /* FIBGradientView.swift */; };
		8BAE8DD724FC490B00F68592 /* AppDelegate.swift in Sources */ = {isa = PBXBuildFile; fileRef = 8BAE8DD624FC490B00F68592 /* AppDelegate.swift */; };
		8BAE8DD924FC490B00F68592 /* SceneDelegate.swift in Sources */ = {isa = PBXBuildFile; fileRef = 8BAE8DD824FC490B00F68592 /* SceneDelegate.swift */; };
		8BAE8DDB24FC490B00F68592 /* ViewController.swift in Sources */ = {isa = PBXBuildFile; fileRef = 8BAE8DDA24FC490B00F68592 /* ViewController.swift */; };
		8BAE8DDE24FC490B00F68592 /* Main.storyboard in Resources */ = {isa = PBXBuildFile; fileRef = 8BAE8DDC24FC490B00F68592 /* Main.storyboard */; };
		8BAE8DE024FC490E00F68592 /* Assets.xcassets in Resources */ = {isa = PBXBuildFile; fileRef = 8BAE8DDF24FC490E00F68592 /* Assets.xcassets */; };
		8BAE8DE324FC490E00F68592 /* LaunchScreen.storyboard in Resources */ = {isa = PBXBuildFile; fileRef = 8BAE8DE124FC490E00F68592 /* LaunchScreen.storyboard */; };
		8BAE8DE924FC4A4F00F68592 /* FIB_Payment_SDK.framework in Frameworks */ = {isa = PBXBuildFile; fileRef = 8BAE8DA124FC44D900F68592 /* FIB_Payment_SDK.framework */; };
		8BAE8DEA24FC4A4F00F68592 /* FIB_Payment_SDK.framework in Embed Frameworks */ = {isa = PBXBuildFile; fileRef = 8BAE8DA124FC44D900F68592 /* FIB_Payment_SDK.framework */; settings = {ATTRIBUTES = (CodeSignOnCopy, RemoveHeadersOnCopy, ); }; };
		8BAE8E0224FCDD6200F68592 /* Assets.xcassets in Resources */ = {isa = PBXBuildFile; fileRef = 8BAE8E0124FCDD6200F68592 /* Assets.xcassets */; };
/* End PBXBuildFile section */

/* Begin PBXContainerItemProxy section */
		8BAE8DEB24FC4A4F00F68592 /* PBXContainerItemProxy */ = {
			isa = PBXContainerItemProxy;
			containerPortal = 8BAE8D9824FC44D800F68592 /* Project object */;
			proxyType = 1;
			remoteGlobalIDString = 8BAE8DA024FC44D900F68592;
			remoteInfo = "FIB-Payment-SDK";
		};
/* End PBXContainerItemProxy section */

/* Begin PBXCopyFilesBuildPhase section */
		8BAE8DED24FC4A5000F68592 /* Embed Frameworks */ = {
			isa = PBXCopyFilesBuildPhase;
			buildActionMask = 2147483647;
			dstPath = "";
			dstSubfolderSpec = 10;
			files = (
				8BAE8DEA24FC4A4F00F68592 /* FIB_Payment_SDK.framework in Embed Frameworks */,
			);
			name = "Embed Frameworks";
			runOnlyForDeploymentPostprocessing = 0;
		};
/* End PBXCopyFilesBuildPhase section */

/* Begin PBXFileReference section */
		8B37B8AB24FCF4D9002D1C66 /* FIBAppConfiguration.swift */ = {isa = PBXFileReference; lastKnownFileType = sourcecode.swift; path = FIBAppConfiguration.swift; sourceTree = "<group>"; };
		8B37B8AD24FCF8FD002D1C66 /* FIBConfiguration.plist */ = {isa = PBXFileReference; lastKnownFileType = text.plist.xml; path = FIBConfiguration.plist; sourceTree = "<group>"; };
		8BAE8DA124FC44D900F68592 /* FIB_Payment_SDK.framework */ = {isa = PBXFileReference; explicitFileType = wrapper.framework; includeInIndex = 0; path = FIB_Payment_SDK.framework; sourceTree = BUILT_PRODUCTS_DIR; };
		8BAE8DA424FC44D900F68592 /* FIB_Payment_SDK.h */ = {isa = PBXFileReference; lastKnownFileType = sourcecode.c.h; path = FIB_Payment_SDK.h; sourceTree = "<group>"; };
		8BAE8DA524FC44D900F68592 /* Info.plist */ = {isa = PBXFileReference; lastKnownFileType = text.plist.xml; path = Info.plist; sourceTree = "<group>"; };
		8BAE8DAC24FC459000F68592 /* PayWithFIBView.swift */ = {isa = PBXFileReference; lastKnownFileType = sourcecode.swift; path = PayWithFIBView.swift; sourceTree = "<group>"; };
		8BAE8DAE24FC45D200F68592 /* FIBGradientView.swift */ = {isa = PBXFileReference; lastKnownFileType = sourcecode.swift; path = FIBGradientView.swift; sourceTree = "<group>"; };
		8BAE8DD424FC490B00F68592 /* Sample.app */ = {isa = PBXFileReference; explicitFileType = wrapper.application; includeInIndex = 0; path = Sample.app; sourceTree = BUILT_PRODUCTS_DIR; };
		8BAE8DD624FC490B00F68592 /* AppDelegate.swift */ = {isa = PBXFileReference; lastKnownFileType = sourcecode.swift; path = AppDelegate.swift; sourceTree = "<group>"; };
		8BAE8DD824FC490B00F68592 /* SceneDelegate.swift */ = {isa = PBXFileReference; lastKnownFileType = sourcecode.swift; path = SceneDelegate.swift; sourceTree = "<group>"; };
		8BAE8DDA24FC490B00F68592 /* ViewController.swift */ = {isa = PBXFileReference; lastKnownFileType = sourcecode.swift; path = ViewController.swift; sourceTree = "<group>"; };
		8BAE8DDD24FC490B00F68592 /* Base */ = {isa = PBXFileReference; lastKnownFileType = file.storyboard; name = Base; path = Base.lproj/Main.storyboard; sourceTree = "<group>"; };
		8BAE8DDF24FC490E00F68592 /* Assets.xcassets */ = {isa = PBXFileReference; lastKnownFileType = folder.assetcatalog; path = Assets.xcassets; sourceTree = "<group>"; };
		8BAE8DE224FC490E00F68592 /* Base */ = {isa = PBXFileReference; lastKnownFileType = file.storyboard; name = Base; path = Base.lproj/LaunchScreen.storyboard; sourceTree = "<group>"; };
		8BAE8DE424FC490E00F68592 /* Info.plist */ = {isa = PBXFileReference; lastKnownFileType = text.plist.xml; path = Info.plist; sourceTree = "<group>"; };
		8BAE8E0124FCDD6200F68592 /* Assets.xcassets */ = {isa = PBXFileReference; lastKnownFileType = folder.assetcatalog; path = Assets.xcassets; sourceTree = "<group>"; };
/* End PBXFileReference section */

/* Begin PBXFrameworksBuildPhase section */
		8BAE8D9E24FC44D900F68592 /* Frameworks */ = {
			isa = PBXFrameworksBuildPhase;
			buildActionMask = 2147483647;
			files = (
			);
			runOnlyForDeploymentPostprocessing = 0;
		};
		8BAE8DD124FC490B00F68592 /* Frameworks */ = {
			isa = PBXFrameworksBuildPhase;
			buildActionMask = 2147483647;
			files = (
				8BAE8DE924FC4A4F00F68592 /* FIB_Payment_SDK.framework in Frameworks */,
			);
			runOnlyForDeploymentPostprocessing = 0;
		};
/* End PBXFrameworksBuildPhase section */

/* Begin PBXGroup section */
		8BAE8D9724FC44D800F68592 = {
			isa = PBXGroup;
			children = (
				8BAE8DA324FC44D900F68592 /* FIB-Payment-SDK */,
				8BAE8DD524FC490B00F68592 /* Sample */,
				8BAE8DA224FC44D900F68592 /* Products */,
				8BAE8DE824FC4A4F00F68592 /* Frameworks */,
			);
			sourceTree = "<group>";
		};
		8BAE8DA224FC44D900F68592 /* Products */ = {
			isa = PBXGroup;
			children = (
				8BAE8DA124FC44D900F68592 /* FIB_Payment_SDK.framework */,
				8BAE8DD424FC490B00F68592 /* Sample.app */,
			);
			name = Products;
			sourceTree = "<group>";
		};
		8BAE8DA324FC44D900F68592 /* FIB-Payment-SDK */ = {
			isa = PBXGroup;
			children = (
				8BAE8DA424FC44D900F68592 /* FIB_Payment_SDK.h */,
				8BAE8DA524FC44D900F68592 /* Info.plist */,
				8BAE8DAC24FC459000F68592 /* PayWithFIBView.swift */,
				8BAE8DAE24FC45D200F68592 /* FIBGradientView.swift */,
				8BAE8E0124FCDD6200F68592 /* Assets.xcassets */,
				8B37B8AB24FCF4D9002D1C66 /* FIBAppConfiguration.swift */,
			);
			path = "FIB-Payment-SDK";
			sourceTree = "<group>";
		};
		8BAE8DD524FC490B00F68592 /* Sample */ = {
			isa = PBXGroup;
			children = (
				8BAE8DD624FC490B00F68592 /* AppDelegate.swift */,
				8BAE8DD824FC490B00F68592 /* SceneDelegate.swift */,
				8BAE8DDA24FC490B00F68592 /* ViewController.swift */,
				8BAE8DDC24FC490B00F68592 /* Main.storyboard */,
				8BAE8DDF24FC490E00F68592 /* Assets.xcassets */,
				8BAE8DE124FC490E00F68592 /* LaunchScreen.storyboard */,
				8BAE8DE424FC490E00F68592 /* Info.plist */,
				8B37B8AD24FCF8FD002D1C66 /* FIBConfiguration.plist */,
			);
			path = Sample;
			sourceTree = "<group>";
		};
		8BAE8DE824FC4A4F00F68592 /* Frameworks */ = {
			isa = PBXGroup;
			children = (
			);
			name = Frameworks;
			sourceTree = "<group>";
		};
/* End PBXGroup section */

/* Begin PBXHeadersBuildPhase section */
		8BAE8D9C24FC44D900F68592 /* Headers */ = {
			isa = PBXHeadersBuildPhase;
			buildActionMask = 2147483647;
			files = (
				8BAE8DA624FC44D900F68592 /* FIB_Payment_SDK.h in Headers */,
			);
			runOnlyForDeploymentPostprocessing = 0;
		};
/* End PBXHeadersBuildPhase section */

/* Begin PBXNativeTarget section */
		8BAE8DA024FC44D900F68592 /* FIB-Payment-SDK */ = {
			isa = PBXNativeTarget;
			buildConfigurationList = 8BAE8DA924FC44D900F68592 /* Build configuration list for PBXNativeTarget "FIB-Payment-SDK" */;
			buildPhases = (
				8BAE8D9C24FC44D900F68592 /* Headers */,
				8BAE8D9D24FC44D900F68592 /* Sources */,
				8BAE8D9E24FC44D900F68592 /* Frameworks */,
				8BAE8D9F24FC44D900F68592 /* Resources */,
			);
			buildRules = (
			);
			dependencies = (
			);
			name = "FIB-Payment-SDK";
			productName = "FIB-Payment-SDK";
			productReference = 8BAE8DA124FC44D900F68592 /* FIB_Payment_SDK.framework */;
			productType = "com.apple.product-type.framework";
		};
		8BAE8DD324FC490B00F68592 /* Sample */ = {
			isa = PBXNativeTarget;
			buildConfigurationList = 8BAE8DE524FC490E00F68592 /* Build configuration list for PBXNativeTarget "Sample" */;
			buildPhases = (
				8BAE8DD024FC490B00F68592 /* Sources */,
				8BAE8DD124FC490B00F68592 /* Frameworks */,
				8BAE8DD224FC490B00F68592 /* Resources */,
				8BAE8DED24FC4A5000F68592 /* Embed Frameworks */,
			);
			buildRules = (
			);
			dependencies = (
				8BAE8DEC24FC4A4F00F68592 /* PBXTargetDependency */,
			);
			name = Sample;
			productName = Sample;
			productReference = 8BAE8DD424FC490B00F68592 /* Sample.app */;
			productType = "com.apple.product-type.application";
		};
/* End PBXNativeTarget section */

/* Begin PBXProject section */
		8BAE8D9824FC44D800F68592 /* Project object */ = {
			isa = PBXProject;
			attributes = {
				LastSwiftUpdateCheck = 1160;
				LastUpgradeCheck = 1160;
				ORGANIZATIONNAME = "Mohamad Mareri";
				TargetAttributes = {
					8BAE8DA024FC44D900F68592 = {
						CreatedOnToolsVersion = 11.6;
						LastSwiftMigration = 1160;
					};
					8BAE8DD324FC490B00F68592 = {
						CreatedOnToolsVersion = 11.6;
					};
				};
			};
			buildConfigurationList = 8BAE8D9B24FC44D800F68592 /* Build configuration list for PBXProject "FIB-Payment-SDK" */;
			compatibilityVersion = "Xcode 9.3";
			developmentRegion = en;
			hasScannedForEncodings = 0;
			knownRegions = (
				en,
				Base,
			);
			mainGroup = 8BAE8D9724FC44D800F68592;
			productRefGroup = 8BAE8DA224FC44D900F68592 /* Products */;
			projectDirPath = "";
			projectRoot = "";
			targets = (
				8BAE8DA024FC44D900F68592 /* FIB-Payment-SDK */,
				8BAE8DD324FC490B00F68592 /* Sample */,
			);
		};
/* End PBXProject section */

/* Begin PBXResourcesBuildPhase section */
		8BAE8D9F24FC44D900F68592 /* Resources */ = {
			isa = PBXResourcesBuildPhase;
			buildActionMask = 2147483647;
			files = (
				8BAE8E0224FCDD6200F68592 /* Assets.xcassets in Resources */,
			);
			runOnlyForDeploymentPostprocessing = 0;
		};
		8BAE8DD224FC490B00F68592 /* Resources */ = {
			isa = PBXResourcesBuildPhase;
			buildActionMask = 2147483647;
			files = (
				8BAE8DE324FC490E00F68592 /* LaunchScreen.storyboard in Resources */,
				8B37B8AE24FCF8FD002D1C66 /* FIBConfiguration.plist in Resources */,
				8BAE8DE024FC490E00F68592 /* Assets.xcassets in Resources */,
				8BAE8DDE24FC490B00F68592 /* Main.storyboard in Resources */,
			);
			runOnlyForDeploymentPostprocessing = 0;
		};
/* End PBXResourcesBuildPhase section */

/* Begin PBXSourcesBuildPhase section */
		8BAE8D9D24FC44D900F68592 /* Sources */ = {
			isa = PBXSourcesBuildPhase;
			buildActionMask = 2147483647;
			files = (
				8BAE8DAF24FC45D200F68592 /* FIBGradientView.swift in Sources */,
				8BAE8DAD24FC459000F68592 /* PayWithFIBView.swift in Sources */,
				8B37B8AC24FCF4D9002D1C66 /* FIBAppConfiguration.swift in Sources */,
			);
			runOnlyForDeploymentPostprocessing = 0;
		};
		8BAE8DD024FC490B00F68592 /* Sources */ = {
			isa = PBXSourcesBuildPhase;
			buildActionMask = 2147483647;
			files = (
				8BAE8DDB24FC490B00F68592 /* ViewController.swift in Sources */,
				8BAE8DD724FC490B00F68592 /* AppDelegate.swift in Sources */,
				8BAE8DD924FC490B00F68592 /* SceneDelegate.swift in Sources */,
			);
			runOnlyForDeploymentPostprocessing = 0;
		};
/* End PBXSourcesBuildPhase section */

/* Begin PBXTargetDependency section */
		8BAE8DEC24FC4A4F00F68592 /* PBXTargetDependency */ = {
			isa = PBXTargetDependency;
			target = 8BAE8DA024FC44D900F68592 /* FIB-Payment-SDK */;
			targetProxy = 8BAE8DEB24FC4A4F00F68592 /* PBXContainerItemProxy */;
		};
/* End PBXTargetDependency section */

/* Begin PBXVariantGroup section */
		8BAE8DDC24FC490B00F68592 /* Main.storyboard */ = {
			isa = PBXVariantGroup;
			children = (
				8BAE8DDD24FC490B00F68592 /* Base */,
			);
			name = Main.storyboard;
			sourceTree = "<group>";
		};
		8BAE8DE124FC490E00F68592 /* LaunchScreen.storyboard */ = {
			isa = PBXVariantGroup;
			children = (
				8BAE8DE224FC490E00F68592 /* Base */,
			);
			name = LaunchScreen.storyboard;
			sourceTree = "<group>";
		};
/* End PBXVariantGroup section */

/* Begin XCBuildConfiguration section */
		8BAE8DA724FC44D900F68592 /* Debug */ = {
			isa = XCBuildConfiguration;
			buildSettings = {
				ALWAYS_SEARCH_USER_PATHS = NO;
				CLANG_ANALYZER_NONNULL = YES;
				CLANG_ANALYZER_NUMBER_OBJECT_CONVERSION = YES_AGGRESSIVE;
				CLANG_CXX_LANGUAGE_STANDARD = "gnu++14";
				CLANG_CXX_LIBRARY = "libc++";
				CLANG_ENABLE_MODULES = YES;
				CLANG_ENABLE_OBJC_ARC = YES;
				CLANG_ENABLE_OBJC_WEAK = YES;
				CLANG_WARN_BLOCK_CAPTURE_AUTORELEASING = YES;
				CLANG_WARN_BOOL_CONVERSION = YES;
				CLANG_WARN_COMMA = YES;
				CLANG_WARN_CONSTANT_CONVERSION = YES;
				CLANG_WARN_DEPRECATED_OBJC_IMPLEMENTATIONS = YES;
				CLANG_WARN_DIRECT_OBJC_ISA_USAGE = YES_ERROR;
				CLANG_WARN_DOCUMENTATION_COMMENTS = YES;
				CLANG_WARN_EMPTY_BODY = YES;
				CLANG_WARN_ENUM_CONVERSION = YES;
				CLANG_WARN_INFINITE_RECURSION = YES;
				CLANG_WARN_INT_CONVERSION = YES;
				CLANG_WARN_NON_LITERAL_NULL_CONVERSION = YES;
				CLANG_WARN_OBJC_IMPLICIT_RETAIN_SELF = YES;
				CLANG_WARN_OBJC_LITERAL_CONVERSION = YES;
				CLANG_WARN_OBJC_ROOT_CLASS = YES_ERROR;
				CLANG_WARN_RANGE_LOOP_ANALYSIS = YES;
				CLANG_WARN_STRICT_PROTOTYPES = YES;
				CLANG_WARN_SUSPICIOUS_MOVE = YES;
				CLANG_WARN_UNGUARDED_AVAILABILITY = YES_AGGRESSIVE;
				CLANG_WARN_UNREACHABLE_CODE = YES;
				CLANG_WARN__DUPLICATE_METHOD_MATCH = YES;
				COPY_PHASE_STRIP = NO;
				CURRENT_PROJECT_VERSION = 1;
				DEBUG_INFORMATION_FORMAT = dwarf;
				ENABLE_STRICT_OBJC_MSGSEND = YES;
				ENABLE_TESTABILITY = YES;
				GCC_C_LANGUAGE_STANDARD = gnu11;
				GCC_DYNAMIC_NO_PIC = NO;
				GCC_NO_COMMON_BLOCKS = YES;
				GCC_OPTIMIZATION_LEVEL = 0;
				GCC_PREPROCESSOR_DEFINITIONS = (
					"DEBUG=1",
					"$(inherited)",
				);
				GCC_WARN_64_TO_32_BIT_CONVERSION = YES;
				GCC_WARN_ABOUT_RETURN_TYPE = YES_ERROR;
				GCC_WARN_UNDECLARED_SELECTOR = YES;
				GCC_WARN_UNINITIALIZED_AUTOS = YES_AGGRESSIVE;
				GCC_WARN_UNUSED_FUNCTION = YES;
				GCC_WARN_UNUSED_VARIABLE = YES;
				IPHONEOS_DEPLOYMENT_TARGET = 13.6;
				MTL_ENABLE_DEBUG_INFO = INCLUDE_SOURCE;
				MTL_FAST_MATH = YES;
				ONLY_ACTIVE_ARCH = YES;
				SDKROOT = iphoneos;
				SWIFT_ACTIVE_COMPILATION_CONDITIONS = DEBUG;
				SWIFT_OPTIMIZATION_LEVEL = "-Onone";
				VERSIONING_SYSTEM = "apple-generic";
				VERSION_INFO_PREFIX = "";
			};
			name = Debug;
		};
		8BAE8DA824FC44D900F68592 /* Release */ = {
			isa = XCBuildConfiguration;
			buildSettings = {
				ALWAYS_SEARCH_USER_PATHS = NO;
				CLANG_ANALYZER_NONNULL = YES;
				CLANG_ANALYZER_NUMBER_OBJECT_CONVERSION = YES_AGGRESSIVE;
				CLANG_CXX_LANGUAGE_STANDARD = "gnu++14";
				CLANG_CXX_LIBRARY = "libc++";
				CLANG_ENABLE_MODULES = YES;
				CLANG_ENABLE_OBJC_ARC = YES;
				CLANG_ENABLE_OBJC_WEAK = YES;
				CLANG_WARN_BLOCK_CAPTURE_AUTORELEASING = YES;
				CLANG_WARN_BOOL_CONVERSION = YES;
				CLANG_WARN_COMMA = YES;
				CLANG_WARN_CONSTANT_CONVERSION = YES;
				CLANG_WARN_DEPRECATED_OBJC_IMPLEMENTATIONS = YES;
				CLANG_WARN_DIRECT_OBJC_ISA_USAGE = YES_ERROR;
				CLANG_WARN_DOCUMENTATION_COMMENTS = YES;
				CLANG_WARN_EMPTY_BODY = YES;
				CLANG_WARN_ENUM_CONVERSION = YES;
				CLANG_WARN_INFINITE_RECURSION = YES;
				CLANG_WARN_INT_CONVERSION = YES;
				CLANG_WARN_NON_LITERAL_NULL_CONVERSION = YES;
				CLANG_WARN_OBJC_IMPLICIT_RETAIN_SELF = YES;
				CLANG_WARN_OBJC_LITERAL_CONVERSION = YES;
				CLANG_WARN_OBJC_ROOT_CLASS = YES_ERROR;
				CLANG_WARN_RANGE_LOOP_ANALYSIS = YES;
				CLANG_WARN_STRICT_PROTOTYPES = YES;
				CLANG_WARN_SUSPICIOUS_MOVE = YES;
				CLANG_WARN_UNGUARDED_AVAILABILITY = YES_AGGRESSIVE;
				CLANG_WARN_UNREACHABLE_CODE = YES;
				CLANG_WARN__DUPLICATE_METHOD_MATCH = YES;
				COPY_PHASE_STRIP = NO;
				CURRENT_PROJECT_VERSION = 1;
				DEBUG_INFORMATION_FORMAT = "dwarf-with-dsym";
				ENABLE_NS_ASSERTIONS = NO;
				ENABLE_STRICT_OBJC_MSGSEND = YES;
				GCC_C_LANGUAGE_STANDARD = gnu11;
				GCC_NO_COMMON_BLOCKS = YES;
				GCC_WARN_64_TO_32_BIT_CONVERSION = YES;
				GCC_WARN_ABOUT_RETURN_TYPE = YES_ERROR;
				GCC_WARN_UNDECLARED_SELECTOR = YES;
				GCC_WARN_UNINITIALIZED_AUTOS = YES_AGGRESSIVE;
				GCC_WARN_UNUSED_FUNCTION = YES;
				GCC_WARN_UNUSED_VARIABLE = YES;
				IPHONEOS_DEPLOYMENT_TARGET = 13.6;
				MTL_ENABLE_DEBUG_INFO = NO;
				MTL_FAST_MATH = YES;
				SDKROOT = iphoneos;
				SWIFT_COMPILATION_MODE = wholemodule;
				SWIFT_OPTIMIZATION_LEVEL = "-O";
				VALIDATE_PRODUCT = YES;
				VERSIONING_SYSTEM = "apple-generic";
				VERSION_INFO_PREFIX = "";
			};
			name = Release;
		};
		8BAE8DAA24FC44D900F68592 /* Debug */ = {
			isa = XCBuildConfiguration;
			buildSettings = {
				CLANG_ENABLE_MODULES = YES;
				CODE_SIGN_STYLE = Automatic;
				DEFINES_MODULE = YES;
				DEVELOPMENT_TEAM = J52UPA7GXP;
				DYLIB_COMPATIBILITY_VERSION = 1;
				DYLIB_CURRENT_VERSION = 1;
				DYLIB_INSTALL_NAME_BASE = "@rpath";
				INFOPLIST_FILE = "FIB-Payment-SDK/Info.plist";
				INSTALL_PATH = "$(LOCAL_LIBRARY_DIR)/Frameworks";
				IPHONEOS_DEPLOYMENT_TARGET = 13.0;
				LD_RUNPATH_SEARCH_PATHS = (
					"$(inherited)",
					"@executable_path/Frameworks",
					"@loader_path/Frameworks",
				);
				PRODUCT_BUNDLE_IDENTIFIER = "com.Mareri.FIB-Payment-SDK";
				PRODUCT_NAME = "$(TARGET_NAME:c99extidentifier)";
				SKIP_INSTALL = YES;
				SWIFT_OPTIMIZATION_LEVEL = "-Onone";
				SWIFT_VERSION = 5.0;
				TARGETED_DEVICE_FAMILY = "1,2";
			};
			name = Debug;
		};
		8BAE8DAB24FC44D900F68592 /* Release */ = {
			isa = XCBuildConfiguration;
			buildSettings = {
				CLANG_ENABLE_MODULES = YES;
				CODE_SIGN_STYLE = Automatic;
				DEFINES_MODULE = YES;
				DEVELOPMENT_TEAM = J52UPA7GXP;
				DYLIB_COMPATIBILITY_VERSION = 1;
				DYLIB_CURRENT_VERSION = 1;
				DYLIB_INSTALL_NAME_BASE = "@rpath";
				INFOPLIST_FILE = "FIB-Payment-SDK/Info.plist";
				INSTALL_PATH = "$(LOCAL_LIBRARY_DIR)/Frameworks";
				IPHONEOS_DEPLOYMENT_TARGET = 13.0;
				LD_RUNPATH_SEARCH_PATHS = (
					"$(inherited)",
					"@executable_path/Frameworks",
					"@loader_path/Frameworks",
				);
				PRODUCT_BUNDLE_IDENTIFIER = "com.Mareri.FIB-Payment-SDK";
				PRODUCT_NAME = "$(TARGET_NAME:c99extidentifier)";
				SKIP_INSTALL = YES;
				SWIFT_VERSION = 5.0;
				TARGETED_DEVICE_FAMILY = "1,2";
			};
			name = Release;
		};
		8BAE8DE624FC490E00F68592 /* Debug */ = {
			isa = XCBuildConfiguration;
			buildSettings = {
				ASSETCATALOG_COMPILER_APPICON_NAME = AppIcon;
				CODE_SIGN_STYLE = Automatic;
				DEVELOPMENT_TEAM = J52UPA7GXP;
				INFOPLIST_FILE = Sample/Info.plist;
				LD_RUNPATH_SEARCH_PATHS = (
					"$(inherited)",
					"@executable_path/Frameworks",
				);
				PRODUCT_BUNDLE_IDENTIFIER = com.Mareri.Sample;
				PRODUCT_NAME = "$(TARGET_NAME)";
				SWIFT_VERSION = 5.0;
				TARGETED_DEVICE_FAMILY = "1,2";
			};
			name = Debug;
		};
		8BAE8DE724FC490E00F68592 /* Release */ = {
			isa = XCBuildConfiguration;
			buildSettings = {
				ASSETCATALOG_COMPILER_APPICON_NAME = AppIcon;
				CODE_SIGN_STYLE = Automatic;
				DEVELOPMENT_TEAM = J52UPA7GXP;
				INFOPLIST_FILE = Sample/Info.plist;
				LD_RUNPATH_SEARCH_PATHS = (
					"$(inherited)",
					"@executable_path/Frameworks",
				);
				PRODUCT_BUNDLE_IDENTIFIER = com.Mareri.Sample;
				PRODUCT_NAME = "$(TARGET_NAME)";
				SWIFT_VERSION = 5.0;
				TARGETED_DEVICE_FAMILY = "1,2";
			};
			name = Release;
		};
/* End XCBuildConfiguration section */

/* Begin XCConfigurationList section */
		8BAE8D9B24FC44D800F68592 /* Build configuration list for PBXProject "FIB-Payment-SDK" */ = {
			isa = XCConfigurationList;
			buildConfigurations = (
				8BAE8DA724FC44D900F68592 /* Debug */,
				8BAE8DA824FC44D900F68592 /* Release */,
			);
			defaultConfigurationIsVisible = 0;
			defaultConfigurationName = Release;
		};
		8BAE8DA924FC44D900F68592 /* Build configuration list for PBXNativeTarget "FIB-Payment-SDK" */ = {
			isa = XCConfigurationList;
			buildConfigurations = (
				8BAE8DAA24FC44D900F68592 /* Debug */,
				8BAE8DAB24FC44D900F68592 /* Release */,
			);
			defaultConfigurationIsVisible = 0;
			defaultConfigurationName = Release;
		};
		8BAE8DE524FC490E00F68592 /* Build configuration list for PBXNativeTarget "Sample" */ = {
			isa = XCConfigurationList;
			buildConfigurations = (
				8BAE8DE624FC490E00F68592 /* Debug */,
				8BAE8DE724FC490E00F68592 /* Release */,
			);
			defaultConfigurationIsVisible = 0;
			defaultConfigurationName = Release;
		};
/* End XCConfigurationList section */
	};
	rootObject = 8BAE8D9824FC44D800F68592 /* Project object */;
}
